
Microsoft Visual Studio Solution File, Format Version 12.00
# Visual Studio Version 17
VisualStudioVersion = 17.6.33829.357
MinimumVisualStudioVersion = 10.0.40219.1
Project("{FAE04EC0-301F-11D3-BF4B-00C04F79EFBC}") = "XYZ.Console", "XYZ.Console\XYZ.Console.csproj", "{B8F3951B-1AFC-44DF-B3B4-DE1CF9887AA4}"
EndProject
Project("{FAE04EC0-301F-11D3-BF4B-00C04F79EFBC}") = "XYZ.Domain", "XYZ.Domain\XYZ.Domain.csproj", "{E4D628A1-9D37-4B4C-99DD-D93C0EBAC980}"
EndProject
Project("{FAE04EC0-301F-11D3-BF4B-00C04F79EFBC}") = "XYZ.Tests", "XYZ.Tests\XYZ.Tests.csproj", "{F7708897-B0A4-453B-B0D9-12419C4DD0B2}"
EndProject
Global
	GlobalSection(SolutionConfigurationPlatforms) = preSolution
		Debug|Any CPU = Debug|Any CPU
		Release|Any CPU = Release|Any CPU
	EndGlobalSection
	GlobalSection(ProjectConfigurationPlatforms) = postSolution
		{B8F3951B-1AFC-44DF-B3B4-DE1CF9887AA4}.Debug|Any CPU.ActiveCfg = Debug|Any CPU
		{B8F3951B-1AFC-44DF-B3B4-DE1CF9887AA4}.Debug|Any CPU.Build.0 = Debug|Any CPU
		{B8F3951B-1AFC-44DF-B3B4-DE1CF9887AA4}.Release|Any CPU.ActiveCfg = Release|Any CPU
		{B8F3951B-1AFC-44DF-B3B4-DE1CF9887AA4}.Release|Any CPU.Build.0 = Release|Any CPU
		{E4D628A1-9D37-4B4C-99DD-D93C0EBAC980}.Debug|Any CPU.ActiveCfg = Debug|Any CPU
		{E4D628A1-9D37-4B4C-99DD-D93C0EBAC980}.Debug|Any CPU.Build.0 = Debug|Any CPU
		{E4D628A1-9D37-4B4C-99DD-D93C0EBAC980}.Release|Any CPU.ActiveCfg = Release|Any CPU
		{E4D628A1-9D37-4B4C-99DD-D93C0EBAC980}.Release|Any CPU.Build.0 = Release|Any CPU
		{F7708897-B0A4-453B-B0D9-12419C4DD0B2}.Debug|Any CPU.ActiveCfg = Debug|Any CPU
		{F7708897-B0A4-453B-B0D9-12419C4DD0B2}.Debug|Any CPU.Build.0 = Debug|Any CPU
		{F7708897-B0A4-453B-B0D9-12419C4DD0B2}.Release|Any CPU.ActiveCfg = Release|Any CPU
		{F7708897-B0A4-453B-B0D9-12419C4DD0B2}.Release|Any CPU.Build.0 = Release|Any CPU
	EndGlobalSection
	GlobalSection(SolutionProperties) = preSolution
		HideSolutionNode = FALSE
	EndGlobalSection
	GlobalSection(ExtensibilityGlobals) = postSolution
		SolutionGuid = {2B425B6D-A2BB-4A04-904B-3A4C0D2E5DC5}
	EndGlobalSection
EndGlobal
